("quicklisp" .
 (:class qlot/source/dist:source-dist
  :initargs (:distribution "https://beta.quicklisp.org/dist/quicklisp.txt" :%version :latest)
  :version "2026-01-01"))
("bordeaux-threads" .
 (:class qlot/source/ql:source-ql
  :initargs (:%version "2026-01-01")
  :version "ql-2024-10-12"))
("cl-base64" .
 (:class qlot/source/ql:source-ql
  :initargs (:%version "2026-01-01")
  :version "ql-2020-10-16"))
("cffi" .
 (:class qlot/source/ql:source-ql
  :initargs (:%version "2026-01-01")
  :version "ql-2026-01-01"))
("clingon" .
 (:class qlot/source/ql:source-ql
  :initargs (:%version "2026-01-01")
  :version "ql-2026-01-01"))
("closer-mop" .
 (:class qlot/source/ql:source-ql
  :initargs (:%version "2026-01-01")
  :version "ql-2026-01-01"))
("dexador" .
 (:class qlot/source/ql:source-ql
  :initargs (:%version "2026-01-01")
  :version "ql-2026-01-01"))
("ironclad" .
 (:class qlot/source/ql:source-ql
  :initargs (:%version "2026-01-01")
  :version "ql-2024-10-12"))
("nyaml" .
 (:class qlot/source/ql:source-ql
  :initargs (:%version "2026-01-01")
  :version "ql-2025-06-22"))
("opticl" .
 (:class qlot/source/ql:source-ql
  :initargs (:%version "2022-02-20")
  :version "ql-2022-02-20"))
("quri" .
 (:class qlot/source/ql:source-ql
  :initargs (:%version "2026-01-01")
  :version "ql-2026-01-01"))
("serapeum" .
 (:class qlot/source/ql:source-ql
  :initargs (:%version "2026-01-01")
  :version "ql-2026-01-01"))
("yason" .
 (:class qlot/source/ql:source-ql
  :initargs (:%version "2026-01-01")
  :version "ql-2025-06-22"))
("fetch-gist" .
 (:class qlot/source/git:source-git
  :initargs (:remote-url "https://github.com/lenny99/fetch-gist.git" :ref "018278496919985029a9a53cde7c5dfb998c573f")
  :version "git-018278496919985029a9a53cde7c5dfb998c573f"))
("cl-colorist" .
 (:class qlot/source/git:source-git
  :initargs (:remote-url "https://github.com/luciusmagn/cl-colorist.git" :ref "a4b65e63f40248c091d8ccf6023ad6fef5de7f0d")
  :version "git-a4b65e63f40248c091d8ccf6023ad6fef5de7f0d"))
("clinedi" .
 (:class qlot/source/git:source-git
  :initargs (:remote-url "https://github.com/luciusmagn/clinedi.git" :ref "de133d8467ed211369923285078cbfa456e1d92b")
  :version "git-de133d8467ed211369923285078cbfa456e1d92b"))
("cl-jobpond" .
 (:class qlot/source/git:source-git
  :initargs (:remote-url "https://github.com/luciusmagn/cl-jobpond.git" :ref "ee2e2eb0bd5080c52db55036f853c00671962178")
  :version "git-ee2e2eb0bd5080c52db55036f853c00671962178"))
("cl-llm-provider-api" .
 (:class qlot/source/git:source-git
  :initargs (:remote-url "https://github.com/lambda-symbolics/cl-llm-provider-api.git" :ref "af49d9d99fbf82ed0d91fa7c352cc2489845b015")
  :version "git-af49d9d99fbf82ed0d91fa7c352cc2489845b015"))
("cl-skills" .
 (:class qlot/source/git:source-git
  :initargs (:remote-url "https://github.com/lambda-symbolics/cl-skills.git" :ref "aafcf34e186bf85c8d8e70ab7e86f7259bcbf412")
  :version "git-aafcf34e186bf85c8d8e70ab7e86f7259bcbf412"))
("cl-termdown" .
 (:class qlot/source/git:source-git
  :initargs (:remote-url "https://github.com/lambda-symbolics/cl-termdown.git" :ref "340579ac634074791e9c2cc3c35323fec3b7cf66")
  :version "git-340579ac634074791e9c2cc3c35323fec3b7cf66"))
("cl-exec-sandbox" .
 (:class qlot/source/git:source-git
  :initargs (:remote-url "https://github.com/lambda-symbolics/cl-exec-sandbox.git" :ref "9af411ec2779efc06a7c56996babdd931d77e371")
  :version "git-9af411ec2779efc06a7c56996babdd931d77e371"))
("clifff" .
 (:class qlot/source/git:source-git
  :initargs (:remote-url "https://github.com/luciusmagn/clifff.git" :ref "8bf3ebb0985108593cad105d31639cedbe9e5373")
  :version "git-8bf3ebb0985108593cad105d31639cedbe9e5373"))
("colorlisp" .
 (:class qlot/source/git:source-git
  :initargs (:remote-url "https://github.com/luciusmagn/colorlisp.git" :ref "05a3313d52e2a2c643219a750dd5045df56c1cd7")
  :version "git-05a3313d52e2a2c643219a750dd5045df56c1cd7"))
("colordiff" .
 (:class qlot/source/git:source-git
  :initargs (:remote-url "https://github.com/lambda-symbolics/colordiff.git" :ref "e224fd4148c399998ba893e71b7da0cc8a2c658a")
  :version "git-e224fd4148c399998ba893e71b7da0cc8a2c658a"))
("parenchek" .
 (:class qlot/source/git:source-git
  :initargs (:remote-url "https://github.com/luciusmagn/parenchek.git" :ref "a7dc0a7e2c6250056c294ab39d5d2872dba71592")
  :version "git-a7dc0a7e2c6250056c294ab39d5d2872dba71592"))
("org-templater" .
 (:class qlot/source/git:source-git
  :initargs (:remote-url "https://github.com/lambda-symbolics/org-templater.git" :ref "918d456528474e880014fe8377e4810e4a55e6a9")
  :version "git-918d456528474e880014fe8377e4810e4a55e6a9"))
("idsmall" .
 (:class qlot/source/git:source-git
  :initargs (:remote-url "https://github.com/luciusmagn/idsmall.git" :ref "3f4b8e067a1e41b5388f7c5af58585e8c9ab51b9")
  :version "git-3f4b8e067a1e41b5388f7c5af58585e8c9ab51b9"))
("mcparen" .
 (:class qlot/source/git:source-git
  :initargs (:remote-url "https://github.com/luciusmagn/mcparen.git" :ref "58ba29a8dd8d06417452b7978748c3d453bc3287")
  :version "git-58ba29a8dd8d06417452b7978748c3d453bc3287"))
("sbcl-generations" .
 (:class qlot/source/git:source-git
  :initargs (:remote-url "https://github.com/luciusmagn/sbcl-generations.git" :ref "e65e27e9ac969c5a83c3f9c2318ae4237856d53f")
  :version "git-e65e27e9ac969c5a83c3f9c2318ae4237856d53f"))
("sexp-config" .
 (:class qlot/source/git:source-git
  :initargs (:remote-url "https://github.com/luciusmagn/sexp-config.git" :ref "408fa906e2d16aa515b39c943d3affcab3811ffc")
  :version "git-408fa906e2d16aa515b39c943d3affcab3811ffc"))
("sexp-store" .
 (:class qlot/source/git:source-git
  :initargs (:remote-url "https://github.com/luciusmagn/sexp-store.git" :ref "0a586df98c295ca6d2fcd47e33bc5f478075f470")
  :version "git-0a586df98c295ca6d2fcd47e33bc5f478075f470"))
("sbcl-workers" .
 (:class qlot/source/git:source-git
  :initargs (:remote-url "https://github.com/luciusmagn/sbcl-workers.git" :ref "d46e94cd95562a645acf144cf84daf0b31cc707a")
  :version "git-d46e94cd95562a645acf144cf84daf0b31cc707a"))
("structlisp" .
 (:class qlot/source/git:source-git
  :initargs (:remote-url "https://github.com/lambda-symbolics/structlisp.git" :ref "66bbfbe947b69f3105f71f5e4293637decc91746")
  :version "git-66bbfbe947b69f3105f71f5e4293637decc91746"))
